
Microsoft Visual Studio Solution File, Format Version 12.00
# Visual Studio Version 17
VisualStudioVersion = 17.10.35122.118
MinimumVisualStudioVersion = 10.0.40219.1
Project("{2150E333-8FDC-42A3-9474-1A3956D46DE8}") = "src", "src", "{BD2F17A6-B686-4091-8011-EFAF3C4EA599}"
EndProject
Project("{FAE04EC0-301F-11D3-BF4B-00C04F79EFBC}") = "TarefasAPI", "TarefasAPI\TarefasAPI.csproj", "{69AEB13B-F1E5-4356-8BDF-514649F08074}"
EndProject
Global
	GlobalSection(SolutionConfigurationPlatforms) = preSolution
		Debug|Any CPU = Debug|Any CPU
		Release|Any CPU = Release|Any CPU
	EndGlobalSection
	GlobalSection(ProjectConfigurationPlatforms) = postSolution
		{69AEB13B-F1E5-4356-8BDF-514649F08074}.Debug|Any CPU.ActiveCfg = Debug|Any CPU
		{69AEB13B-F1E5-4356-8BDF-514649F08074}.Debug|Any CPU.Build.0 = Debug|Any CPU
		{69AEB13B-F1E5-4356-8BDF-514649F08074}.Release|Any CPU.ActiveCfg = Release|Any CPU
		{69AEB13B-F1E5-4356-8BDF-514649F08074}.Release|Any CPU.Build.0 = Release|Any CPU
	EndGlobalSection
	GlobalSection(SolutionProperties) = preSolution
		HideSolutionNode = FALSE
	EndGlobalSection
	GlobalSection(NestedProjects) = preSolution
		{69AEB13B-F1E5-4356-8BDF-514649F08074} = {BD2F17A6-B686-4091-8011-EFAF3C4EA599}
	EndGlobalSection
	GlobalSection(ExtensibilityGlobals) = postSolution
		SolutionGuid = {121454F7-289B-4144-A8E6-97E733FF06A8}
	EndGlobalSection
EndGlobal
